
Microsoft Visual Studio Solution File, Format Version 12.00
# Visual Studio 15
VisualStudioVersion = 15.0.28010.2041
MinimumVisualStudioVersion = 10.0.40219.1
Project("{FAE04EC0-301F-11D3-BF4B-00C04F79EFBC}") = "TrabalhoIS2", "TrabalhoIS2\TrabalhoIS2.csproj", "{1AC2DA9D-C65D-4CC2-B6BA-186C3BB19BD3}"
EndProject
Global
	GlobalSection(SolutionConfigurationPlatforms) = preSolution
		Debug|Any CPU = Debug|Any CPU
		Release|Any CPU = Release|Any CPU
	EndGlobalSection
	GlobalSection(ProjectConfigurationPlatforms) = postSolution
		{1AC2DA9D-C65D-4CC2-B6BA-186C3BB19BD3}.Debug|Any CPU.ActiveCfg = Debug|Any CPU
		{1AC2DA9D-C65D-4CC2-B6BA-186C3BB19BD3}.Debug|Any CPU.Build.0 = Debug|Any CPU
		{1AC2DA9D-C65D-4CC2-B6BA-186C3BB19BD3}.Release|Any CPU.ActiveCfg = Release|Any CPU
		{1AC2DA9D-C65D-4CC2-B6BA-186C3BB19BD3}.Release|Any CPU.Build.0 = Release|Any CPU
	EndGlobalSection
	GlobalSection(SolutionProperties) = preSolution
		HideSolutionNode = FALSE
	EndGlobalSection
	GlobalSection(ExtensibilityGlobals) = postSolution
		SolutionGuid = {97771E88-B979-4D66-9E7C-43DA80E9AE59}
	EndGlobalSection
EndGlobal
